<?xml version="1.0" encoding="utf-8"?>
<Project ToolsVersion="4.0" xmlns="http://schemas.microsoft.com/developer/msbuild/2003">
  <ItemGroup>
    <Filter Include="src">
      <UniqueIdentifier>{556570cd-5b44-4b68-9663-273f73106bc3}</UniqueIdentifier>
    </Filter>
    <Filter Include="src\Engine">
      <UniqueIdentifier>{daa600d0-fc5c-4bf6-ac8a-49b098506b51}</UniqueIdentifier>
    </Filter>
    <Filter Include="src\Engine\Entity">
      <UniqueIdentifier>{2371bcff-c524-41de-9504-32b47707ca4d}</UniqueIdentifier>
    </Filter>
    <Filter Include="src\Engine\Component">
      <UniqueIdentifier>{3be07eca-f482-4140-9456-c7a3ea4b9baa}</UniqueIdentifier>
    </Filter>
    <Filter Include="src\Engine\System">
      <UniqueIdentifier>{24263d77-3ba7-44ea-9964-5018d8e19ebe}</UniqueIdentifier>
    </Filter>
  </ItemGroup>
  <ItemGroup>
    <ClCompile Include="src/main.cpp">
      <Filter>src</Filter>
    </ClCompile>
    <ClCompile Include="src\StarlightEngine\Component\ComponentTypeBitmask.h" />
    <ClCompile Include="src\StarlightEngine\Component\Component.cpp" />
  </ItemGroup>
  <ItemGroup>
    <ClInclude Include="src\Renderer.h">
      <Filter>src</Filter>
    </ClInclude>
    <ClInclude Include="src\StarlightEngine\Component\Component.h">
      <Filter>src\Engine\Component</Filter>
    </ClInclude>
    <ClInclude Include="src\StarlightEngine\Component\ComponentManager.h" />
    <ClInclude Include="src\StarlightEngine\Entity\Entity.h">
      <Filter>src\Engine\Entity</Filter>
    </ClInclude>
    <ClInclude Include="src\StarlightEngine\Entity\EntityManager.h" />
    <ClInclude Include="src\StarlightEngine\System\System.h">
      <Filter>src\Engine\System</Filter>
    </ClInclude>
    <ClInclude Include="src\StarlightEngine\System\SystemManager.h" />
    <ClInclude Include="src\StarlightEngine\Utils\TypeWrapper.h" />
    <ClInclude Include="src\Components\TransformComponent.h" />
    <ClInclude Include="src\StarlightEngine\Starlight.h" />
    <ClInclude Include="src\Vector2.h">
      <Filter>src</Filter>
    </ClInclude>
    <ClInclude Include="src\Components\CircleComponent.h" />
    <ClInclude Include="src\Components\InitialTransformComponent.h" />
    <ClInclude Include="src\Components\MouseInputComponent.h" />
    <ClInclude Include="src\StarlightEngine\Entity\EntityMap.h" />
    <ClInclude Include="src\Systems\UpMoveSystem.h" />
    <ClInclude Include="src\Systems\RenderSystem.h" />
    <ClInclude Include="src\Systems\InputSystem.h" />
    <ClInclude Include="src\Systems\PlayerMoveSystem.h" />
    <ClInclude Include="src\Components\ParticleComponent.h" />
    <ClInclude Include="src\Systems\ParticleMoveSystem.h" />
    <ClInclude Include="src\Components\TagComponent.h" />
  </ItemGroup>
</Project>